<?xml version="1.0" encoding="utf-8"?>
<Project ToolsVersion="4.0" xmlns="http://schemas.microsoft.com/developer/msbuild/2003">
  <ItemGroup>
    <Filter Include="Source Files">
      <UniqueIdentifier>{4FC737F1-C7A5-4376-A066-2A32D752A2FF}</UniqueIdentifier>
      <Extensions>cpp;c;cc;cxx;def;odl;idl;hpj;bat;asm;asmx</Extensions>
    </Filter>
    <Filter Include="Header Files">
      <UniqueIdentifier>{93995380-89BD-4b04-88EB-625FBE52EBFB}</UniqueIdentifier>
      <Extensions>h;hh;hpp;hxx;hm;inl;inc;xsd</Extensions>
    </Filter>
    <Filter Include="Resource Files">
      <UniqueIdentifier>{67DA6AB6-F800-4c08-8B7A-83BB121AAD01}</UniqueIdentifier>
      <Extensions>rc;ico;cur;bmp;dlg;rc2;rct;bin;rgs;gif;jpg;jpeg;jpe;resx;tiff;tif;png;wav;mfcribbon-ms</Extensions>
    </Filter>
    <Filter Include="Header Files\scenes">
      <UniqueIdentifier>{559f2060-8260-4302-bf89-6e3d9339e2ad}</UniqueIdentifier>
    </Filter>
    <Filter Include="Source Files\scenes">
      <UniqueIdentifier>{959c8d52-6a28-423b-b74e-00659c9ed8b6}</UniqueIdentifier>
    </Filter>
    <Filter Include="Header Files\shaders">
      <UniqueIdentifier>{abea1d23-7a50-4e3c-bafa-01ceacf3b8e0}</UniqueIdentifier>
    </Filter>
    <Filter Include="Source Files\shaders">
      <UniqueIdentifier>{ced42f92-f372-4b32-9e60-952bea344d35}</UniqueIdentifier>
    </Filter>
    <Filter Include="Header Files\game">
      <UniqueIdentifier>{56038117-5715-4849-874b-caa6d0565edd}</UniqueIdentifier>
    </Filter>
    <Filter Include="Source Files\game">
      <UniqueIdentifier>{a59ebf7f-7fc6-4833-836d-dbdfb86b76d2}</UniqueIdentifier>
    </Filter>
  </ItemGroup>
  <ItemGroup>
    <ClCompile Include="src\winmain.cxx">
      <Filter>Source Files</Filter>
    </ClCompile>
    <ClCompile Include="src\opengl.cxx">
      <Filter>Source Files</Filter>
    </ClCompile>
    <ClCompile Include="src\game.cxx">
      <Filter>Source Files</Filter>
    </ClCompile>
    <ClCompile Include="src\scenes\play_scene.cxx">
      <Filter>Source Files\scenes</Filter>
    </ClCompile>
    <ClCompile Include="src\scenes\scene.cxx">
      <Filter>Source Files\scenes</Filter>
    </ClCompile>
    <ClCompile Include="src\scenes\title_scene.cxx">
      <Filter>Source Files\scenes</Filter>
    </ClCompile>
    <ClCompile Include="src\shaders\shader.cxx">
      <Filter>Source Files\shaders</Filter>
    </ClCompile>
    <ClCompile Include="src\font.cxx">
      <Filter>Source Files</Filter>
    </ClCompile>
    <ClCompile Include="src\pngimage.cxx">
      <Filter>Source Files</Filter>
    </ClCompile>
    <ClCompile Include="src\texture.cxx">
      <Filter>Source Files</Filter>
    </ClCompile>
    <ClCompile Include="src\sprite.cxx">
      <Filter>Source Files</Filter>
    </ClCompile>
    <ClCompile Include="src\animation.cxx">
      <Filter>Source Files</Filter>
    </ClCompile>
    <ClCompile Include="src\game\divo.cxx">
      <Filter>Source Files\game</Filter>
    </ClCompile>
    <ClCompile Include="src\game\map.cxx">
      <Filter>Source Files\game</Filter>
    </ClCompile>
    <ClCompile Include="src\game\movable.cxx">
      <Filter>Source Files\game</Filter>
    </ClCompile>
    <ClCompile Include="src\game\pacman.cxx">
      <Filter>Source Files\game</Filter>
    </ClCompile>
    <ClCompile Include="src\scenes\gameover_scene.cxx">
      <Filter>Source Files\scenes</Filter>
    </ClCompile>
    <ClCompile Include="src\game\gamedata.cxx">
      <Filter>Source Files\game</Filter>
    </ClCompile>
  </ItemGroup>
  <ItemGroup>
    <ClInclude Include="src\opengl.hxx">
      <Filter>Header Files</Filter>
    </ClInclude>
    <ClInclude Include="src\game.hxx">
      <Filter>Header Files</Filter>
    </ClInclude>
    <ClInclude Include="src\scenes\play_scene.hxx">
      <Filter>Header Files\scenes</Filter>
    </ClInclude>
    <ClInclude Include="src\scenes\scene.hxx">
      <Filter>Header Files\scenes</Filter>
    </ClInclude>
    <ClInclude Include="src\scenes\title_scene.hxx">
      <Filter>Header Files\scenes</Filter>
    </ClInclude>
    <ClInclude Include="src\shaders\shader.hxx">
      <Filter>Header Files\shaders</Filter>
    </ClInclude>
    <ClInclude Include="src\shaders\normal_shader.hxx">
      <Filter>Header Files\shaders</Filter>
    </ClInclude>
    <ClInclude Include="src\shaders\text_shader.hxx">
      <Filter>Header Files\shaders</Filter>
    </ClInclude>
    <ClInclude Include="src\font.hxx">
      <Filter>Header Files</Filter>
    </ClInclude>
    <ClInclude Include="src\pngimage.hxx">
      <Filter>Header Files</Filter>
    </ClInclude>
    <ClInclude Include="src\shaders\texture_shader.hxx">
      <Filter>Header Files\shaders</Filter>
    </ClInclude>
    <ClInclude Include="src\texture.hxx">
      <Filter>Header Files</Filter>
    </ClInclude>
    <ClInclude Include="src\sprite.hxx">
      <Filter>Header Files</Filter>
    </ClInclude>
    <ClInclude Include="src\animation.hxx">
      <Filter>Header Files</Filter>
    </ClInclude>
    <ClInclude Include="src\game\common.hxx">
      <Filter>Header Files\game</Filter>
    </ClInclude>
    <ClInclude Include="src\game\divo.hxx">
      <Filter>Header Files\game</Filter>
    </ClInclude>
    <ClInclude Include="src\game\map.hxx">
      <Filter>Header Files\game</Filter>
    </ClInclude>
    <ClInclude Include="src\game\movable.hxx">
      <Filter>Header Files\game</Filter>
    </ClInclude>
    <ClInclude Include="src\game\pacman.hxx">
      <Filter>Header Files\game</Filter>
    </ClInclude>
    <ClInclude Include="src\scenes\gameover_scene.hxx">
      <Filter>Header Files\scenes</Filter>
    </ClInclude>
    <ClInclude Include="src\game\gamedata.hxx">
      <Filter>Header Files\game</Filter>
    </ClInclude>
  </ItemGroup>
</Project>